
Microsoft Visual Studio Solution File, Format Version 12.00
# Visual Studio Version 17
VisualStudioVersion = 17.8.34309.116
MinimumVisualStudioVersion = 10.0.40219.1
Project("{9A19103F-16F7-4668-BE54-9A1E7A4F7556}") = "Lesson1", "Lesson1\Lesson1.csproj", "{013C9074-7FA1-4FC0-BFC2-9084D82D7DA6}"
EndProject
Project("{9A19103F-16F7-4668-BE54-9A1E7A4F7556}") = "Lesson2", "Lesson2\Lesson2.csproj", "{28C70797-8238-4E4E-9BFB-88A1F8105B46}"
EndProject
Project("{9A19103F-16F7-4668-BE54-9A1E7A4F7556}") = "Lesson3", "Lesson3\Lesson3.csproj", "{43FCB649-08C1-4235-8266-F878FABA3F8D}"
EndProject
Project("{9A19103F-16F7-4668-BE54-9A1E7A4F7556}") = "Lesson4", "Lesson4\Lesson4.csproj", "{91C741A2-1FC4-4415-B6AB-0332218E1BE2}"
EndProject
Project("{9A19103F-16F7-4668-BE54-9A1E7A4F7556}") = "Lab1", "Lab1\Lab1.csproj", "{EFEB6DD4-B8FA-45F6-B43D-F5F25E51F3EC}"
EndProject
Project("{9A19103F-16F7-4668-BE54-9A1E7A4F7556}") = "Lab2", "Lab2\Lab2.csproj", "{F6F30029-F919-4EEA-98E4-ABF8F018CE46}"
EndProject
Project("{9A19103F-16F7-4668-BE54-9A1E7A4F7556}") = "Lesson5", "Lesson5\Lesson5.csproj", "{4210E0ED-9E49-49F0-A3B6-7955EE2AD509}"
EndProject
Project("{9A19103F-16F7-4668-BE54-9A1E7A4F7556}") = "Lesson6", "Lesson6\Lesson6.csproj", "{63634DF8-6352-4450-BFDC-DB1816AAEEFB}"
EndProject
Project("{9A19103F-16F7-4668-BE54-9A1E7A4F7556}") = "Lab3", "Lab3\Lab3.csproj", "{2B49698F-893F-49FD-9A12-986BCCE37DDA}"
EndProject
Project("{9A19103F-16F7-4668-BE54-9A1E7A4F7556}") = "Lesson7", "Lesson7\Lesson7.csproj", "{89126F2D-3553-4B47-A2AC-B3A1E9470B0D}"
EndProject
Project("{9A19103F-16F7-4668-BE54-9A1E7A4F7556}") = "Lesson8", "Lesson8\Lesson8.csproj", "{F4582C3B-C93F-4934-AB02-4F59E3BB3BA2}"
EndProject
Project("{9A19103F-16F7-4668-BE54-9A1E7A4F7556}") = "Lesson9", "Lesson9\Lesson9.csproj", "{5D603008-D92A-48BE-8F51-7DD1E1E317F3}"
EndProject
Project("{9A19103F-16F7-4668-BE54-9A1E7A4F7556}") = "Lab4", "Lab4\Lab4.csproj", "{9D514339-DD72-4F03-837C-1DBD438050D0}"
EndProject
Project("{9A19103F-16F7-4668-BE54-9A1E7A4F7556}") = "Lesson10", "Lesson10\Lesson10.csproj", "{32ECCFFE-029A-410D-99B8-53DAE3170F64}"
EndProject
Project("{9A19103F-16F7-4668-BE54-9A1E7A4F7556}") = "Lab5", "Lab5\Lab5.csproj", "{5CB3C24A-E22D-46F0-8CCA-1A3ED7B49E68}"
EndProject
Project("{9A19103F-16F7-4668-BE54-9A1E7A4F7556}") = "Lesson11", "Lesson11\Lesson11.csproj", "{FA85E70F-95A8-478A-880D-1ED0B288FA5E}"
EndProject
Project("{9A19103F-16F7-4668-BE54-9A1E7A4F7556}") = "Lesson12", "Lesson12\Lesson12.csproj", "{2BC1539A-C64F-4BC7-AF9A-90D11B5925A5}"
EndProject
Project("{9A19103F-16F7-4668-BE54-9A1E7A4F7556}") = "GraphEditor", "GraphEditor\GraphEditor.csproj", "{D68FA383-CA3B-45FD-A96E-9D83D4EBFEBB}"
EndProject
Project("{9A19103F-16F7-4668-BE54-9A1E7A4F7556}") = "Lesson13", "Lesson13\Lesson13.csproj", "{3EAACA2C-E427-4F5C-B7CD-EF68830BA75D}"
EndProject
Project("{9A19103F-16F7-4668-BE54-9A1E7A4F7556}") = "Lesson14", "Lesson14\Lesson14.csproj", "{8CE8FEFB-8517-4DAE-B34A-D21AA8F91E13}"
EndProject
Project("{9A19103F-16F7-4668-BE54-9A1E7A4F7556}") = "ProjectCollections", "ProjectCollections\ProjectCollections.csproj", "{598830BB-C2C9-4569-B564-07841D247254}"
EndProject
Project("{9A19103F-16F7-4668-BE54-9A1E7A4F7556}") = "Lesson15", "Lesson15\Lesson15.csproj", "{11B98183-5E71-4841-84DC-E9A61FC0DD76}"
EndProject
Project("{9A19103F-16F7-4668-BE54-9A1E7A4F7556}") = "Lesson16", "Lesson16\Lesson16.csproj", "{C79D045D-75B8-4806-AAD8-9DD4070A2C2C}"
EndProject
Project("{9A19103F-16F7-4668-BE54-9A1E7A4F7556}") = "Lab6", "Lab6\Lab6.csproj", "{2C9060C7-6BB6-406F-8009-A06E05444B0A}"
EndProject
Project("{9A19103F-16F7-4668-BE54-9A1E7A4F7556}") = "Lesson17", "Lesson17\Lesson17.csproj", "{2FA640C7-9BA4-4F2B-B8F0-9B6A403F8DC5}"
EndProject
Project("{9A19103F-16F7-4668-BE54-9A1E7A4F7556}") = "Lesson18", "Lesson18\Lesson18.csproj", "{45D01179-B1A8-409A-9D89-C83865F74669}"
EndProject
Project("{FAE04EC0-301F-11D3-BF4B-00C04F79EFBC}") = "Lab10-11", "Lab10-11\Lab10-11.csproj", "{3FB4A52A-B775-4799-BFBF-1B39F3B55BCC}"
EndProject
Global
	GlobalSection(SolutionConfigurationPlatforms) = preSolution
		Debug|Any CPU = Debug|Any CPU
		Release|Any CPU = Release|Any CPU
	EndGlobalSection
	GlobalSection(ProjectConfigurationPlatforms) = postSolution
		{013C9074-7FA1-4FC0-BFC2-9084D82D7DA6}.Debug|Any CPU.ActiveCfg = Debug|Any CPU
		{013C9074-7FA1-4FC0-BFC2-9084D82D7DA6}.Debug|Any CPU.Build.0 = Debug|Any CPU
		{013C9074-7FA1-4FC0-BFC2-9084D82D7DA6}.Release|Any CPU.ActiveCfg = Release|Any CPU
		{013C9074-7FA1-4FC0-BFC2-9084D82D7DA6}.Release|Any CPU.Build.0 = Release|Any CPU
		{28C70797-8238-4E4E-9BFB-88A1F8105B46}.Debug|Any CPU.ActiveCfg = Debug|Any CPU
		{28C70797-8238-4E4E-9BFB-88A1F8105B46}.Debug|Any CPU.Build.0 = Debug|Any CPU
		{28C70797-8238-4E4E-9BFB-88A1F8105B46}.Release|Any CPU.ActiveCfg = Release|Any CPU
		{28C70797-8238-4E4E-9BFB-88A1F8105B46}.Release|Any CPU.Build.0 = Release|Any CPU
		{43FCB649-08C1-4235-8266-F878FABA3F8D}.Debug|Any CPU.ActiveCfg = Debug|Any CPU
		{43FCB649-08C1-4235-8266-F878FABA3F8D}.Debug|Any CPU.Build.0 = Debug|Any CPU
		{43FCB649-08C1-4235-8266-F878FABA3F8D}.Release|Any CPU.ActiveCfg = Release|Any CPU
		{43FCB649-08C1-4235-8266-F878FABA3F8D}.Release|Any CPU.Build.0 = Release|Any CPU
		{91C741A2-1FC4-4415-B6AB-0332218E1BE2}.Debug|Any CPU.ActiveCfg = Debug|Any CPU
		{91C741A2-1FC4-4415-B6AB-0332218E1BE2}.Debug|Any CPU.Build.0 = Debug|Any CPU
		{91C741A2-1FC4-4415-B6AB-0332218E1BE2}.Release|Any CPU.ActiveCfg = Release|Any CPU
		{91C741A2-1FC4-4415-B6AB-0332218E1BE2}.Release|Any CPU.Build.0 = Release|Any CPU
		{EFEB6DD4-B8FA-45F6-B43D-F5F25E51F3EC}.Debug|Any CPU.ActiveCfg = Debug|Any CPU
		{EFEB6DD4-B8FA-45F6-B43D-F5F25E51F3EC}.Debug|Any CPU.Build.0 = Debug|Any CPU
		{EFEB6DD4-B8FA-45F6-B43D-F5F25E51F3EC}.Release|Any CPU.ActiveCfg = Release|Any CPU
		{EFEB6DD4-B8FA-45F6-B43D-F5F25E51F3EC}.Release|Any CPU.Build.0 = Release|Any CPU
		{F6F30029-F919-4EEA-98E4-ABF8F018CE46}.Debug|Any CPU.ActiveCfg = Debug|Any CPU
		{F6F30029-F919-4EEA-98E4-ABF8F018CE46}.Debug|Any CPU.Build.0 = Debug|Any CPU
		{F6F30029-F919-4EEA-98E4-ABF8F018CE46}.Release|Any CPU.ActiveCfg = Release|Any CPU
		{F6F30029-F919-4EEA-98E4-ABF8F018CE46}.Release|Any CPU.Build.0 = Release|Any CPU
		{4210E0ED-9E49-49F0-A3B6-7955EE2AD509}.Debug|Any CPU.ActiveCfg = Debug|Any CPU
		{4210E0ED-9E49-49F0-A3B6-7955EE2AD509}.Debug|Any CPU.Build.0 = Debug|Any CPU
		{4210E0ED-9E49-49F0-A3B6-7955EE2AD509}.Release|Any CPU.ActiveCfg = Release|Any CPU
		{4210E0ED-9E49-49F0-A3B6-7955EE2AD509}.Release|Any CPU.Build.0 = Release|Any CPU
		{63634DF8-6352-4450-BFDC-DB1816AAEEFB}.Debug|Any CPU.ActiveCfg = Debug|Any CPU
		{63634DF8-6352-4450-BFDC-DB1816AAEEFB}.Debug|Any CPU.Build.0 = Debug|Any CPU
		{63634DF8-6352-4450-BFDC-DB1816AAEEFB}.Release|Any CPU.ActiveCfg = Release|Any CPU
		{63634DF8-6352-4450-BFDC-DB1816AAEEFB}.Release|Any CPU.Build.0 = Release|Any CPU
		{2B49698F-893F-49FD-9A12-986BCCE37DDA}.Debug|Any CPU.ActiveCfg = Debug|Any CPU
		{2B49698F-893F-49FD-9A12-986BCCE37DDA}.Debug|Any CPU.Build.0 = Debug|Any CPU
		{2B49698F-893F-49FD-9A12-986BCCE37DDA}.Release|Any CPU.ActiveCfg = Release|Any CPU
		{2B49698F-893F-49FD-9A12-986BCCE37DDA}.Release|Any CPU.Build.0 = Release|Any CPU
		{89126F2D-3553-4B47-A2AC-B3A1E9470B0D}.Debug|Any CPU.ActiveCfg = Debug|Any CPU
		{89126F2D-3553-4B47-A2AC-B3A1E9470B0D}.Debug|Any CPU.Build.0 = Debug|Any CPU
		{89126F2D-3553-4B47-A2AC-B3A1E9470B0D}.Release|Any CPU.ActiveCfg = Release|Any CPU
		{89126F2D-3553-4B47-A2AC-B3A1E9470B0D}.Release|Any CPU.Build.0 = Release|Any CPU
		{F4582C3B-C93F-4934-AB02-4F59E3BB3BA2}.Debug|Any CPU.ActiveCfg = Debug|Any CPU
		{F4582C3B-C93F-4934-AB02-4F59E3BB3BA2}.Debug|Any CPU.Build.0 = Debug|Any CPU
		{F4582C3B-C93F-4934-AB02-4F59E3BB3BA2}.Release|Any CPU.ActiveCfg = Release|Any CPU
		{F4582C3B-C93F-4934-AB02-4F59E3BB3BA2}.Release|Any CPU.Build.0 = Release|Any CPU
		{5D603008-D92A-48BE-8F51-7DD1E1E317F3}.Debug|Any CPU.ActiveCfg = Debug|Any CPU
		{5D603008-D92A-48BE-8F51-7DD1E1E317F3}.Debug|Any CPU.Build.0 = Debug|Any CPU
		{5D603008-D92A-48BE-8F51-7DD1E1E317F3}.Release|Any CPU.ActiveCfg = Release|Any CPU
		{5D603008-D92A-48BE-8F51-7DD1E1E317F3}.Release|Any CPU.Build.0 = Release|Any CPU
		{9D514339-DD72-4F03-837C-1DBD438050D0}.Debug|Any CPU.ActiveCfg = Debug|Any CPU
		{9D514339-DD72-4F03-837C-1DBD438050D0}.Debug|Any CPU.Build.0 = Debug|Any CPU
		{9D514339-DD72-4F03-837C-1DBD438050D0}.Release|Any CPU.ActiveCfg = Release|Any CPU
		{9D514339-DD72-4F03-837C-1DBD438050D0}.Release|Any CPU.Build.0 = Release|Any CPU
		{32ECCFFE-029A-410D-99B8-53DAE3170F64}.Debug|Any CPU.ActiveCfg = Debug|Any CPU
		{32ECCFFE-029A-410D-99B8-53DAE3170F64}.Debug|Any CPU.Build.0 = Debug|Any CPU
		{32ECCFFE-029A-410D-99B8-53DAE3170F64}.Release|Any CPU.ActiveCfg = Release|Any CPU
		{32ECCFFE-029A-410D-99B8-53DAE3170F64}.Release|Any CPU.Build.0 = Release|Any CPU
		{5CB3C24A-E22D-46F0-8CCA-1A3ED7B49E68}.Debug|Any CPU.ActiveCfg = Debug|Any CPU
		{5CB3C24A-E22D-46F0-8CCA-1A3ED7B49E68}.Debug|Any CPU.Build.0 = Debug|Any CPU
		{5CB3C24A-E22D-46F0-8CCA-1A3ED7B49E68}.Release|Any CPU.ActiveCfg = Release|Any CPU
		{5CB3C24A-E22D-46F0-8CCA-1A3ED7B49E68}.Release|Any CPU.Build.0 = Release|Any CPU
		{FA85E70F-95A8-478A-880D-1ED0B288FA5E}.Debug|Any CPU.ActiveCfg = Debug|Any CPU
		{FA85E70F-95A8-478A-880D-1ED0B288FA5E}.Debug|Any CPU.Build.0 = Debug|Any CPU
		{FA85E70F-95A8-478A-880D-1ED0B288FA5E}.Release|Any CPU.ActiveCfg = Release|Any CPU
		{FA85E70F-95A8-478A-880D-1ED0B288FA5E}.Release|Any CPU.Build.0 = Release|Any CPU
		{2BC1539A-C64F-4BC7-AF9A-90D11B5925A5}.Debug|Any CPU.ActiveCfg = Debug|Any CPU
		{2BC1539A-C64F-4BC7-AF9A-90D11B5925A5}.Debug|Any CPU.Build.0 = Debug|Any CPU
		{2BC1539A-C64F-4BC7-AF9A-90D11B5925A5}.Release|Any CPU.ActiveCfg = Release|Any CPU
		{2BC1539A-C64F-4BC7-AF9A-90D11B5925A5}.Release|Any CPU.Build.0 = Release|Any CPU
		{D68FA383-CA3B-45FD-A96E-9D83D4EBFEBB}.Debug|Any CPU.ActiveCfg = Debug|Any CPU
		{D68FA383-CA3B-45FD-A96E-9D83D4EBFEBB}.Debug|Any CPU.Build.0 = Debug|Any CPU
		{D68FA383-CA3B-45FD-A96E-9D83D4EBFEBB}.Release|Any CPU.ActiveCfg = Release|Any CPU
		{D68FA383-CA3B-45FD-A96E-9D83D4EBFEBB}.Release|Any CPU.Build.0 = Release|Any CPU
		{3EAACA2C-E427-4F5C-B7CD-EF68830BA75D}.Debug|Any CPU.ActiveCfg = Debug|Any CPU
		{3EAACA2C-E427-4F5C-B7CD-EF68830BA75D}.Debug|Any CPU.Build.0 = Debug|Any CPU
		{3EAACA2C-E427-4F5C-B7CD-EF68830BA75D}.Release|Any CPU.ActiveCfg = Release|Any CPU
		{3EAACA2C-E427-4F5C-B7CD-EF68830BA75D}.Release|Any CPU.Build.0 = Release|Any CPU
		{8CE8FEFB-8517-4DAE-B34A-D21AA8F91E13}.Debug|Any CPU.ActiveCfg = Debug|Any CPU
		{8CE8FEFB-8517-4DAE-B34A-D21AA8F91E13}.Debug|Any CPU.Build.0 = Debug|Any CPU
		{8CE8FEFB-8517-4DAE-B34A-D21AA8F91E13}.Release|Any CPU.ActiveCfg = Release|Any CPU
		{8CE8FEFB-8517-4DAE-B34A-D21AA8F91E13}.Release|Any CPU.Build.0 = Release|Any CPU
		{598830BB-C2C9-4569-B564-07841D247254}.Debug|Any CPU.ActiveCfg = Debug|Any CPU
		{598830BB-C2C9-4569-B564-07841D247254}.Debug|Any CPU.Build.0 = Debug|Any CPU
		{598830BB-C2C9-4569-B564-07841D247254}.Release|Any CPU.ActiveCfg = Release|Any CPU
		{598830BB-C2C9-4569-B564-07841D247254}.Release|Any CPU.Build.0 = Release|Any CPU
		{11B98183-5E71-4841-84DC-E9A61FC0DD76}.Debug|Any CPU.ActiveCfg = Debug|Any CPU
		{11B98183-5E71-4841-84DC-E9A61FC0DD76}.Debug|Any CPU.Build.0 = Debug|Any CPU
		{11B98183-5E71-4841-84DC-E9A61FC0DD76}.Release|Any CPU.ActiveCfg = Release|Any CPU
		{11B98183-5E71-4841-84DC-E9A61FC0DD76}.Release|Any CPU.Build.0 = Release|Any CPU
		{C79D045D-75B8-4806-AAD8-9DD4070A2C2C}.Debug|Any CPU.ActiveCfg = Debug|Any CPU
		{C79D045D-75B8-4806-AAD8-9DD4070A2C2C}.Debug|Any CPU.Build.0 = Debug|Any CPU
		{C79D045D-75B8-4806-AAD8-9DD4070A2C2C}.Release|Any CPU.ActiveCfg = Release|Any CPU
		{C79D045D-75B8-4806-AAD8-9DD4070A2C2C}.Release|Any CPU.Build.0 = Release|Any CPU
		{2C9060C7-6BB6-406F-8009-A06E05444B0A}.Debug|Any CPU.ActiveCfg = Debug|Any CPU
		{2C9060C7-6BB6-406F-8009-A06E05444B0A}.Debug|Any CPU.Build.0 = Debug|Any CPU
		{2C9060C7-6BB6-406F-8009-A06E05444B0A}.Release|Any CPU.ActiveCfg = Release|Any CPU
		{2C9060C7-6BB6-406F-8009-A06E05444B0A}.Release|Any CPU.Build.0 = Release|Any CPU
		{2FA640C7-9BA4-4F2B-B8F0-9B6A403F8DC5}.Debug|Any CPU.ActiveCfg = Debug|Any CPU
		{2FA640C7-9BA4-4F2B-B8F0-9B6A403F8DC5}.Debug|Any CPU.Build.0 = Debug|Any CPU
		{2FA640C7-9BA4-4F2B-B8F0-9B6A403F8DC5}.Release|Any CPU.ActiveCfg = Release|Any CPU
		{2FA640C7-9BA4-4F2B-B8F0-9B6A403F8DC5}.Release|Any CPU.Build.0 = Release|Any CPU
		{45D01179-B1A8-409A-9D89-C83865F74669}.Debug|Any CPU.ActiveCfg = Debug|Any CPU
		{45D01179-B1A8-409A-9D89-C83865F74669}.Debug|Any CPU.Build.0 = Debug|Any CPU
		{45D01179-B1A8-409A-9D89-C83865F74669}.Release|Any CPU.ActiveCfg = Release|Any CPU
		{45D01179-B1A8-409A-9D89-C83865F74669}.Release|Any CPU.Build.0 = Release|Any CPU
		{3FB4A52A-B775-4799-BFBF-1B39F3B55BCC}.Debug|Any CPU.ActiveCfg = Debug|Any CPU
		{3FB4A52A-B775-4799-BFBF-1B39F3B55BCC}.Debug|Any CPU.Build.0 = Debug|Any CPU
		{3FB4A52A-B775-4799-BFBF-1B39F3B55BCC}.Release|Any CPU.ActiveCfg = Release|Any CPU
		{3FB4A52A-B775-4799-BFBF-1B39F3B55BCC}.Release|Any CPU.Build.0 = Release|Any CPU
	EndGlobalSection
	GlobalSection(SolutionProperties) = preSolution
		HideSolutionNode = FALSE
	EndGlobalSection
	GlobalSection(ExtensibilityGlobals) = postSolution
		SolutionGuid = {6125BFA1-4C9B-4066-8947-54A8C6AB6A83}
	EndGlobalSection
EndGlobal
