
Microsoft Visual Studio Solution File, Format Version 12.00
# Visual Studio Version 17
VisualStudioVersion = 17.8.34309.116
MinimumVisualStudioVersion = 10.0.40219.1
Project("{9A19103F-16F7-4668-BE54-9A1E7A4F7556}") = "Lesson1", "Lesson1\Lesson1.csproj", "{013C9074-7FA1-4FC0-BFC2-9084D82D7DA6}"
EndProject
Project("{9A19103F-16F7-4668-BE54-9A1E7A4F7556}") = "Lesson2", "Lesson2\Lesson2.csproj", "{28C70797-8238-4E4E-9BFB-88A1F8105B46}"
EndProject
Project("{9A19103F-16F7-4668-BE54-9A1E7A4F7556}") = "Lesson3", "Lesson3\Lesson3.csproj", "{43FCB649-08C1-4235-8266-F878FABA3F8D}"
EndProject
Project("{9A19103F-16F7-4668-BE54-9A1E7A4F7556}") = "Lesson4", "Lesson4\Lesson4.csproj", "{91C741A2-1FC4-4415-B6AB-0332218E1BE2}"
EndProject
Project("{9A19103F-16F7-4668-BE54-9A1E7A4F7556}") = "Lab1", "Lab1\Lab1.csproj", "{EFEB6DD4-B8FA-45F6-B43D-F5F25E51F3EC}"
EndProject
Project("{9A19103F-16F7-4668-BE54-9A1E7A4F7556}") = "Lab2", "Lab2\Lab2.csproj", "{F6F30029-F919-4EEA-98E4-ABF8F018CE46}"
EndProject
Project("{9A19103F-16F7-4668-BE54-9A1E7A4F7556}") = "Lesson5", "Lesson5\Lesson5.csproj", "{4210E0ED-9E49-49F0-A3B6-7955EE2AD509}"
EndProject
Project("{9A19103F-16F7-4668-BE54-9A1E7A4F7556}") = "Lesson6", "Lesson6\Lesson6.csproj", "{63634DF8-6352-4450-BFDC-DB1816AAEEFB}"
EndProject
Project("{FAE04EC0-301F-11D3-BF4B-00C04F79EFBC}") = "Lab3", "Lab3\Lab3.csproj", "{2B49698F-893F-49FD-9A12-986BCCE37DDA}"
EndProject
Global
	GlobalSection(SolutionConfigurationPlatforms) = preSolution
		Debug|Any CPU = Debug|Any CPU
		Release|Any CPU = Release|Any CPU
	EndGlobalSection
	GlobalSection(ProjectConfigurationPlatforms) = postSolution
		{013C9074-7FA1-4FC0-BFC2-9084D82D7DA6}.Debug|Any CPU.ActiveCfg = Debug|Any CPU
		{013C9074-7FA1-4FC0-BFC2-9084D82D7DA6}.Debug|Any CPU.Build.0 = Debug|Any CPU
		{013C9074-7FA1-4FC0-BFC2-9084D82D7DA6}.Release|Any CPU.ActiveCfg = Release|Any CPU
		{013C9074-7FA1-4FC0-BFC2-9084D82D7DA6}.Release|Any CPU.Build.0 = Release|Any CPU
		{28C70797-8238-4E4E-9BFB-88A1F8105B46}.Debug|Any CPU.ActiveCfg = Debug|Any CPU
		{28C70797-8238-4E4E-9BFB-88A1F8105B46}.Debug|Any CPU.Build.0 = Debug|Any CPU
		{28C70797-8238-4E4E-9BFB-88A1F8105B46}.Release|Any CPU.ActiveCfg = Release|Any CPU
		{28C70797-8238-4E4E-9BFB-88A1F8105B46}.Release|Any CPU.Build.0 = Release|Any CPU
		{43FCB649-08C1-4235-8266-F878FABA3F8D}.Debug|Any CPU.ActiveCfg = Debug|Any CPU
		{43FCB649-08C1-4235-8266-F878FABA3F8D}.Debug|Any CPU.Build.0 = Debug|Any CPU
		{43FCB649-08C1-4235-8266-F878FABA3F8D}.Release|Any CPU.ActiveCfg = Release|Any CPU
		{43FCB649-08C1-4235-8266-F878FABA3F8D}.Release|Any CPU.Build.0 = Release|Any CPU
		{91C741A2-1FC4-4415-B6AB-0332218E1BE2}.Debug|Any CPU.ActiveCfg = Debug|Any CPU
		{91C741A2-1FC4-4415-B6AB-0332218E1BE2}.Debug|Any CPU.Build.0 = Debug|Any CPU
		{91C741A2-1FC4-4415-B6AB-0332218E1BE2}.Release|Any CPU.ActiveCfg = Release|Any CPU
		{91C741A2-1FC4-4415-B6AB-0332218E1BE2}.Release|Any CPU.Build.0 = Release|Any CPU
		{EFEB6DD4-B8FA-45F6-B43D-F5F25E51F3EC}.Debug|Any CPU.ActiveCfg = Debug|Any CPU
		{EFEB6DD4-B8FA-45F6-B43D-F5F25E51F3EC}.Debug|Any CPU.Build.0 = Debug|Any CPU
		{EFEB6DD4-B8FA-45F6-B43D-F5F25E51F3EC}.Release|Any CPU.ActiveCfg = Release|Any CPU
		{EFEB6DD4-B8FA-45F6-B43D-F5F25E51F3EC}.Release|Any CPU.Build.0 = Release|Any CPU
		{F6F30029-F919-4EEA-98E4-ABF8F018CE46}.Debug|Any CPU.ActiveCfg = Debug|Any CPU
		{F6F30029-F919-4EEA-98E4-ABF8F018CE46}.Debug|Any CPU.Build.0 = Debug|Any CPU
		{F6F30029-F919-4EEA-98E4-ABF8F018CE46}.Release|Any CPU.ActiveCfg = Release|Any CPU
		{F6F30029-F919-4EEA-98E4-ABF8F018CE46}.Release|Any CPU.Build.0 = Release|Any CPU
		{4210E0ED-9E49-49F0-A3B6-7955EE2AD509}.Debug|Any CPU.ActiveCfg = Debug|Any CPU
		{4210E0ED-9E49-49F0-A3B6-7955EE2AD509}.Debug|Any CPU.Build.0 = Debug|Any CPU
		{4210E0ED-9E49-49F0-A3B6-7955EE2AD509}.Release|Any CPU.ActiveCfg = Release|Any CPU
		{4210E0ED-9E49-49F0-A3B6-7955EE2AD509}.Release|Any CPU.Build.0 = Release|Any CPU
		{63634DF8-6352-4450-BFDC-DB1816AAEEFB}.Debug|Any CPU.ActiveCfg = Debug|Any CPU
		{63634DF8-6352-4450-BFDC-DB1816AAEEFB}.Debug|Any CPU.Build.0 = Debug|Any CPU
		{63634DF8-6352-4450-BFDC-DB1816AAEEFB}.Release|Any CPU.ActiveCfg = Release|Any CPU
		{63634DF8-6352-4450-BFDC-DB1816AAEEFB}.Release|Any CPU.Build.0 = Release|Any CPU
		{2B49698F-893F-49FD-9A12-986BCCE37DDA}.Debug|Any CPU.ActiveCfg = Debug|Any CPU
		{2B49698F-893F-49FD-9A12-986BCCE37DDA}.Debug|Any CPU.Build.0 = Debug|Any CPU
		{2B49698F-893F-49FD-9A12-986BCCE37DDA}.Release|Any CPU.ActiveCfg = Release|Any CPU
		{2B49698F-893F-49FD-9A12-986BCCE37DDA}.Release|Any CPU.Build.0 = Release|Any CPU
	EndGlobalSection
	GlobalSection(SolutionProperties) = preSolution
		HideSolutionNode = FALSE
	EndGlobalSection
	GlobalSection(ExtensibilityGlobals) = postSolution
		SolutionGuid = {6125BFA1-4C9B-4066-8947-54A8C6AB6A83}
	EndGlobalSection
EndGlobal
